
Microsoft Visual Studio Solution File, Format Version 12.00
# Visual Studio 15
VisualStudioVersion = 15.0.28307.106
MinimumVisualStudioVersion = 10.0.40219.1
Project("{FAE04EC0-301F-11D3-BF4B-00C04F79EFBC}") = "WasherRev", "WasherRev\WasherRev.csproj", "{6BF4646A-FB0F-4D7E-B166-C80837927DDA}"
EndProject
Global
	GlobalSection(SolutionConfigurationPlatforms) = preSolution
		Debug|Any CPU = Debug|Any CPU
		Release|Any CPU = Release|Any CPU
	EndGlobalSection
	GlobalSection(ProjectConfigurationPlatforms) = postSolution
		{6BF4646A-FB0F-4D7E-B166-C80837927DDA}.Debug|Any CPU.ActiveCfg = Debug|Any CPU
		{6BF4646A-FB0F-4D7E-B166-C80837927DDA}.Debug|Any CPU.Build.0 = Debug|Any CPU
		{6BF4646A-FB0F-4D7E-B166-C80837927DDA}.Release|Any CPU.ActiveCfg = Release|Any CPU
		{6BF4646A-FB0F-4D7E-B166-C80837927DDA}.Release|Any CPU.Build.0 = Release|Any CPU
	EndGlobalSection
	GlobalSection(SolutionProperties) = preSolution
		HideSolutionNode = FALSE
	EndGlobalSection
	GlobalSection(ExtensibilityGlobals) = postSolution
		SolutionGuid = {95681254-3571-428A-A2FB-3B8AE486DA05}
	EndGlobalSection
EndGlobal
